PODS:
  - HZFoundation (0.1.1)
  - HZURLManager (0.1.0):
    - HZFoundation

DEPENDENCIES:
  - HZURLManager (from `../`)

EXTERNAL SOURCES:
  HZURLManager:
    :path: ../

SPEC CHECKSUMS:
  HZFoundation: f9c3d8f2e8adca7a2001ddae1567419ac1821443
  HZURLManager: 4c31e7c5998e4aabefffcb75c6a1c8713f3cb88f

PODFILE CHECKSUM: 92cc5f46dde2e69e818ef7b7ff88e1e4e81d7b18

COCOAPODS: 1.2.0
